
Microsoft Visual Studio Solution File, Format Version 12.00
# Visual Studio Version 17
VisualStudioVersion = 17.5.33627.172
MinimumVisualStudioVersion = 10.0.40219.1
Project("{FAE04EC0-301F-11D3-BF4B-00C04F79EFBC}") = "ContadorDeTempo.Domain", "ContadorDeTempo.Domain\ContadorDeTempo.Domain.csproj", "{C04B8864-184A-4279-A3A5-D6ADF28733B3}"
EndProject
Project("{FAE04EC0-301F-11D3-BF4B-00C04F79EFBC}") = "ContadorDeTempo.Testes", "ContadorDeTempo.Testes\ContadorDeTempo.Testes.csproj", "{205F1131-A163-4E14-A65E-819D6EF58E4D}"
EndProject
Global
	GlobalSection(SolutionConfigurationPlatforms) = preSolution
		Debug|Any CPU = Debug|Any CPU
		Release|Any CPU = Release|Any CPU
	EndGlobalSection
	GlobalSection(ProjectConfigurationPlatforms) = postSolution
		{C04B8864-184A-4279-A3A5-D6ADF28733B3}.Debug|Any CPU.ActiveCfg = Debug|Any CPU
		{C04B8864-184A-4279-A3A5-D6ADF28733B3}.Debug|Any CPU.Build.0 = Debug|Any CPU
		{C04B8864-184A-4279-A3A5-D6ADF28733B3}.Release|Any CPU.ActiveCfg = Release|Any CPU
		{C04B8864-184A-4279-A3A5-D6ADF28733B3}.Release|Any CPU.Build.0 = Release|Any CPU
		{205F1131-A163-4E14-A65E-819D6EF58E4D}.Debug|Any CPU.ActiveCfg = Debug|Any CPU
		{205F1131-A163-4E14-A65E-819D6EF58E4D}.Debug|Any CPU.Build.0 = Debug|Any CPU
		{205F1131-A163-4E14-A65E-819D6EF58E4D}.Release|Any CPU.ActiveCfg = Release|Any CPU
		{205F1131-A163-4E14-A65E-819D6EF58E4D}.Release|Any CPU.Build.0 = Release|Any CPU
	EndGlobalSection
	GlobalSection(SolutionProperties) = preSolution
		HideSolutionNode = FALSE
	EndGlobalSection
	GlobalSection(ExtensibilityGlobals) = postSolution
		SolutionGuid = {CCE894AC-6BF5-45F6-A414-0F4DF82734E2}
	EndGlobalSection
EndGlobal
